
Microsoft Visual Studio Solution File, Format Version 12.00
# Visual Studio 14
VisualStudioVersion = 14.0.25420.1
MinimumVisualStudioVersion = 10.0.40219.1
Project("{FAE04EC0-301F-11D3-BF4B-00C04F79EFBC}") = "CodeLou.CSharp.Week2.Challenge", "CodeLou.CSharp.Week2.Challenge\CodeLou.CSharp.Week2.Challenge.csproj", "{EB6C7458-305E-4F2A-A783-D0496628824E}"
EndProject
Global
	GlobalSection(SolutionConfigurationPlatforms) = preSolution
		Debug|Any CPU = Debug|Any CPU
		Release|Any CPU = Release|Any CPU
	EndGlobalSection
	GlobalSection(ProjectConfigurationPlatforms) = postSolution
		{EB6C7458-305E-4F2A-A783-D0496628824E}.Debug|Any CPU.ActiveCfg = Debug|Any CPU
		{EB6C7458-305E-4F2A-A783-D0496628824E}.Debug|Any CPU.Build.0 = Debug|Any CPU
		{EB6C7458-305E-4F2A-A783-D0496628824E}.Release|Any CPU.ActiveCfg = Release|Any CPU
		{EB6C7458-305E-4F2A-A783-D0496628824E}.Release|Any CPU.Build.0 = Release|Any CPU
	EndGlobalSection
	GlobalSection(SolutionProperties) = preSolution
		HideSolutionNode = FALSE
	EndGlobalSection
EndGlobal
